
Microsoft Visual Studio Solution File, Format Version 12.00
# Visual Studio Version 17
VisualStudioVersion = 17.0.31919.166
MinimumVisualStudioVersion = 10.0.40219.1
Project("{FAE04EC0-301F-11D3-BF4B-00C04F79EFBC}") = "KolekcijeSpremanje", "KolekcijeSpremanje.csproj", "{C0434050-E151-49EF-BABD-334EB9B0BCF7}"
EndProject
Global
	GlobalSection(SolutionConfigurationPlatforms) = preSolution
		Debug|Any CPU = Debug|Any CPU
		Release|Any CPU = Release|Any CPU
	EndGlobalSection
	GlobalSection(ProjectConfigurationPlatforms) = postSolution
		{C0434050-E151-49EF-BABD-334EB9B0BCF7}.Debug|Any CPU.ActiveCfg = Debug|Any CPU
		{C0434050-E151-49EF-BABD-334EB9B0BCF7}.Debug|Any CPU.Build.0 = Debug|Any CPU
		{C0434050-E151-49EF-BABD-334EB9B0BCF7}.Release|Any CPU.ActiveCfg = Release|Any CPU
		{C0434050-E151-49EF-BABD-334EB9B0BCF7}.Release|Any CPU.Build.0 = Release|Any CPU
	EndGlobalSection
	GlobalSection(SolutionProperties) = preSolution
		HideSolutionNode = FALSE
	EndGlobalSection
	GlobalSection(ExtensibilityGlobals) = postSolution
		SolutionGuid = {B7E72D4B-B63B-4AED-877B-5C7B0996029C}
	EndGlobalSection
EndGlobal
